
Microsoft Visual Studio Solution File, Format Version 12.00
# Visual Studio Version 16
VisualStudioVersion = 16.0.29709.97
MinimumVisualStudioVersion = 10.0.40219.1
Project("{FAE04EC0-301F-11D3-BF4B-00C04F79EFBC}") = "CashdeskManager", "CashdeskManager\CashdeskManager.csproj", "{B60D1904-B3A0-45F4-AD84-A7990E25231A}"
EndProject
Project("{FAE04EC0-301F-11D3-BF4B-00C04F79EFBC}") = "CashdeskManager.Models", "CashdeskManager.Models\CashdeskManager.Models.csproj", "{8C05FE5B-4D73-4553-A7B3-CCFA80EBCB51}"
EndProject
Global
	GlobalSection(SolutionConfigurationPlatforms) = preSolution
		Debug|Any CPU = Debug|Any CPU
		Release|Any CPU = Release|Any CPU
	EndGlobalSection
	GlobalSection(ProjectConfigurationPlatforms) = postSolution
		{B60D1904-B3A0-45F4-AD84-A7990E25231A}.Debug|Any CPU.ActiveCfg = Debug|Any CPU
		{B60D1904-B3A0-45F4-AD84-A7990E25231A}.Debug|Any CPU.Build.0 = Debug|Any CPU
		{B60D1904-B3A0-45F4-AD84-A7990E25231A}.Release|Any CPU.ActiveCfg = Release|Any CPU
		{B60D1904-B3A0-45F4-AD84-A7990E25231A}.Release|Any CPU.Build.0 = Release|Any CPU
		{8C05FE5B-4D73-4553-A7B3-CCFA80EBCB51}.Debug|Any CPU.ActiveCfg = Debug|Any CPU
		{8C05FE5B-4D73-4553-A7B3-CCFA80EBCB51}.Debug|Any CPU.Build.0 = Debug|Any CPU
		{8C05FE5B-4D73-4553-A7B3-CCFA80EBCB51}.Release|Any CPU.ActiveCfg = Release|Any CPU
		{8C05FE5B-4D73-4553-A7B3-CCFA80EBCB51}.Release|Any CPU.Build.0 = Release|Any CPU
	EndGlobalSection
	GlobalSection(SolutionProperties) = preSolution
		HideSolutionNode = FALSE
	EndGlobalSection
	GlobalSection(ExtensibilityGlobals) = postSolution
		SolutionGuid = {B7F59793-65EC-404F-8162-33BD2506705B}
	EndGlobalSection
EndGlobal
